// !$*UTF8*$!
{
	archiveVersion = 1;
	classes = {
	};
	objectVersion = 56;
	objects = {

/* Begin PBXBuildFile section */
		058844346FA5256B1B6A80A4 /* SettingsView.swift in Sources */ = {isa = PBXBuildFile; fileRef = EACB27116927944287C2B86B /* SettingsView.swift */; };
		2239BF502F07C4C300B8997C /* Supabase in Frameworks */ = {isa = PBXBuildFile; productRef = 2239BF4F2F07C4C300B8997C /* Supabase */; };
		2239BF852F08A0AA00B8997C /* GoogleSignIn in Frameworks */ = {isa = PBXBuildFile; productRef = 2239BF842F08A0AA00B8997C /* GoogleSignIn */; };
		2239BF872F08A0AA00B8997C /* GoogleSignInSwift in Frameworks */ = {isa = PBXBuildFile; productRef = 2239BF862F08A0AA00B8997C /* GoogleSignInSwift */; };
		22541F922F7E1FAF005B1A8C /* Localizable.xcstrings in Resources */ = {isa = PBXBuildFile; fileRef = 22541F912F7E1FAF005B1A8C /* Localizable.xcstrings */; };
		22E3E3A72F31B25C00F4107D /* SoulmateAIChatService.swift in Sources */ = {isa = PBXBuildFile; fileRef = 22E3E3832F31B25C00F4107D /* SoulmateAIChatService.swift */; };
		22E3E3A82F31B25C00F4107D /* SecretsManager.swift in Sources */ = {isa = PBXBuildFile; fileRef = 22E3E37D2F31B25C00F4107D /* SecretsManager.swift */; };
		22E3E3AA2F31B25C00F4107D /* SoulmateAIChatView.swift in Sources */ = {isa = PBXBuildFile; fileRef = 22E3E3842F31B25C00F4107D /* SoulmateAIChatView.swift */; };
		22E3E4692F31E2D500F4107D /* LunarSwift in Frameworks */ = {isa = PBXBuildFile; productRef = 22E3E4682F31E2D500F4107D /* LunarSwift */; };
		794A7D7067F94FEBA8A226AA /* SoulmateGalleryView.swift in Sources */ = {isa = PBXBuildFile; fileRef = 844DB52015AC4B9FBE5F7F42 /* SoulmateGalleryView.swift */; };
		A092922FE37F48FDB2D7E01F /* FateRecordsView.swift in Sources */ = {isa = PBXBuildFile; fileRef = 23100326CBAC4039B6E84F8A /* FateRecordsView.swift */; };
		AA000001 /* MistRevealApp.swift in Sources */ = {isa = PBXBuildFile; fileRef = AB000001 /* MistRevealApp.swift */; };
		AA000002 /* MainTabView.swift in Sources */ = {isa = PBXBuildFile; fileRef = AB000002 /* MainTabView.swift */; };
		AA000003 /* WelcomeView.swift in Sources */ = {isa = PBXBuildFile; fileRef = AB000003 /* WelcomeView.swift */; };
		AA000004 /* CoordinatesInputView.swift in Sources */ = {isa = PBXBuildFile; fileRef = AB000004 /* CoordinatesInputView.swift */; };
		AA000005 /* ReportView.swift in Sources */ = {isa = PBXBuildFile; fileRef = AB000005 /* ReportView.swift */; };
		AA000006 /* MistRevealView.swift in Sources */ = {isa = PBXBuildFile; fileRef = AB000006 /* MistRevealView.swift */; };
		AA000007 /* GeneratedPortraitView.swift in Sources */ = {isa = PBXBuildFile; fileRef = AB000007 /* GeneratedPortraitView.swift */; };
		AA000008 /* Assets.xcassets in Resources */ = {isa = PBXBuildFile; fileRef = AB000008 /* Assets.xcassets */; };
		AA000009 /* Preview Assets.xcassets in Resources */ = {isa = PBXBuildFile; fileRef = AB000009 /* Preview Assets.xcassets */; };
		AA00000A /* SupabaseTestView.swift in Sources */ = {isa = PBXBuildFile; fileRef = AB00000B /* SupabaseTestView.swift */; };
		AA00000C /* AuthManager.swift in Sources */ = {isa = PBXBuildFile; fileRef = AB00000C /* AuthManager.swift */; };
		AA00000D /* AuthView.swift in Sources */ = {isa = PBXBuildFile; fileRef = AB00000D /* AuthView.swift */; };
		AA00000E /* AppConfig.swift in Sources */ = {isa = PBXBuildFile; fileRef = AB00000E /* AppConfig.swift */; };
		AA00000F /* TextGenerationService.swift in Sources */ = {isa = PBXBuildFile; fileRef = AB00000F /* TextGenerationService.swift */; };
		AA000010 /* ImageGenerationService.swift in Sources */ = {isa = PBXBuildFile; fileRef = AB000010 /* ImageGenerationService.swift */; };
		AA000011 /* SoulmateManager.swift in Sources */ = {isa = PBXBuildFile; fileRef = AB000011 /* SoulmateManager.swift */; };
		AA000012 /* SupabaseSaveService.swift in Sources */ = {isa = PBXBuildFile; fileRef = AB000012 /* SupabaseSaveService.swift */; };
		AA000013 /* SoulAnalysisModels.swift in Sources */ = {isa = PBXBuildFile; fileRef = AB000013 /* SoulAnalysisModels.swift */; };
		AA000014 /* DestinyDeductionView.swift in Sources */ = {isa = PBXBuildFile; fileRef = AB000014 /* DestinyDeductionView.swift */; };
		AA000015 /* QuotaManager.swift in Sources */ = {isa = PBXBuildFile; fileRef = AB000015 /* QuotaManager.swift */; };
		AA000016 /* InviteService.swift in Sources */ = {isa = PBXBuildFile; fileRef = AB000016 /* InviteService.swift */; };
		AA000017 /* InviteFriendsView.swift in Sources */ = {isa = PBXBuildFile; fileRef = AB000017 /* InviteFriendsView.swift */; };
		AA000018 /* SoulArchiveManager.swift in Sources */ = {isa = PBXBuildFile; fileRef = AB000018 /* SoulArchiveManager.swift */; };
		AA000019 /* SoulArchiveView.swift in Sources */ = {isa = PBXBuildFile; fileRef = AB000019 /* SoulArchiveView.swift */; };
		AA00001A /* SoulArchiveDetailView.swift in Sources */ = {isa = PBXBuildFile; fileRef = AB00001A /* SoulArchiveDetailView.swift */; };
		AA00001B /* LocationManager.swift in Sources */ = {isa = PBXBuildFile; fileRef = AB00001B /* LocationManager.swift */; };
		AA00001C /* MatchingService.swift in Sources */ = {isa = PBXBuildFile; fileRef = AB00001C /* MatchingService.swift */; };
		AA00001D /* MapViewRepresentable.swift in Sources */ = {isa = PBXBuildFile; fileRef = AB00001D /* MapViewRepresentable.swift */; };
		AA00001E /* ChatService.swift in Sources */ = {isa = PBXBuildFile; fileRef = AB00001E /* ChatService.swift */; };
		AA00001F /* ChatView.swift in Sources */ = {isa = PBXBuildFile; fileRef = AB00001F /* ChatView.swift */; };
		AA000020 /* IceBreakerView.swift in Sources */ = {isa = PBXBuildFile; fileRef = AB000020 /* IceBreakerView.swift */; };
		AA000021 /* PulseAnnotationView.swift in Sources */ = {isa = PBXBuildFile; fileRef = AB000021 /* PulseAnnotationView.swift */; };
		AA000022 /* DestinyConnectionView.swift in Sources */ = {isa = PBXBuildFile; fileRef = AB000022 /* DestinyConnectionView.swift */; };
		AA000031 /* AICompanionModels.swift in Sources */ = {isa = PBXBuildFile; fileRef = AB000031 /* AICompanionModels.swift */; };
		AA000032 /* AICompanionService.swift in Sources */ = {isa = PBXBuildFile; fileRef = AB000032 /* AICompanionService.swift */; };
		AA000033 /* UserManualService.swift in Sources */ = {isa = PBXBuildFile; fileRef = AB000033 /* UserManualService.swift */; };
		AA000034 /* MatchNotificationService.swift in Sources */ = {isa = PBXBuildFile; fileRef = AB000034 /* MatchNotificationService.swift */; };
		AA000035 /* ChinaCityData.swift in Sources */ = {isa = PBXBuildFile; fileRef = AB000035 /* ChinaCityData.swift */; };
		AA000036 /* SupabaseManager.swift in Sources */ = {isa = PBXBuildFile; fileRef = AB000036 /* SupabaseManager.swift */; };
		AA000037 /* CityCoordinates.swift in Sources */ = {isa = PBXBuildFile; fileRef = AB000037 /* CityCoordinates.swift */; };
		AA000040 /* Soul_Core.md in Resources */ = {isa = PBXBuildFile; fileRef = AB000040 /* Soul_Core.md */; };
		AA000041 /* Safety_Policy.md in Resources */ = {isa = PBXBuildFile; fileRef = AB000041 /* Safety_Policy.md */; };
		AA000042 /* Response_Schema.md in Resources */ = {isa = PBXBuildFile; fileRef = AB000042 /* Response_Schema.md */; };
		AA000043 /* Trigger_Config.json in Resources */ = {isa = PBXBuildFile; fileRef = AB000043 /* Trigger_Config.json */; };
		AA000044 /* Script_Slots.json in Resources */ = {isa = PBXBuildFile; fileRef = AB000044 /* Script_Slots.json */; };
		AA000045 /* Topic_Templates.json in Resources */ = {isa = PBXBuildFile; fileRef = AB000045 /* Topic_Templates.json */; };
		AA000051 /* PurchaseManager.swift in Sources */ = {isa = PBXBuildFile; fileRef = AB000051 /* PurchaseManager.swift */; };
		AA000052 /* DeepReportDetailView.swift in Sources */ = {isa = PBXBuildFile; fileRef = AB000052 /* DeepReportDetailView.swift */; };
		C60A9230D913DB0A2B47C4FE /* LanguageManager.swift in Sources */ = {isa = PBXBuildFile; fileRef = 0AA002FC3545F59CD7831571 /* LanguageManager.swift */; };
/* End PBXBuildFile section */

/* Begin PBXFileReference section */
		0AA002FC3545F59CD7831571 /* LanguageManager.swift */ = {isa = PBXFileReference; includeInIndex = 1; lastKnownFileType = sourcecode.swift; path = LanguageManager.swift; sourceTree = "<group>"; };
		22541F912F7E1FAF005B1A8C /* Localizable.xcstrings */ = {isa = PBXFileReference; lastKnownFileType = text.json.xcstrings; path = Localizable.xcstrings; sourceTree = "<group>"; };
		22E3E33B2F31A95500F4107D /* Preview Assets.xcassets */ = {isa = PBXFileReference; lastKnownFileType = folder.assetcatalog; path = "Preview Assets.xcassets"; sourceTree = "<group>"; };
		22E3E33D2F31A95500F4107D /* AppConfig.swift */ = {isa = PBXFileReference; lastKnownFileType = sourcecode.swift; path = AppConfig.swift; sourceTree = "<group>"; };
		22E3E33E2F31A95500F4107D /* Assets.xcassets */ = {isa = PBXFileReference; lastKnownFileType = folder.assetcatalog; path = Assets.xcassets; sourceTree = "<group>"; };
		22E3E33F2F31A95500F4107D /* AuthManager.swift */ = {isa = PBXFileReference; lastKnownFileType = sourcecode.swift; path = AuthManager.swift; sourceTree = "<group>"; };
		22E3E3402F31A95500F4107D /* AuthView.swift */ = {isa = PBXFileReference; lastKnownFileType = sourcecode.swift; path = AuthView.swift; sourceTree = "<group>"; };
		22E3E3412F31A95500F4107D /* ChatService.swift */ = {isa = PBXFileReference; lastKnownFileType = sourcecode.swift; path = ChatService.swift; sourceTree = "<group>"; };
		22E3E3422F31A95500F4107D /* ChatView.swift */ = {isa = PBXFileReference; lastKnownFileType = sourcecode.swift; path = ChatView.swift; sourceTree = "<group>"; };
		22E3E3432F31A95500F4107D /* CoordinatesInputView.swift */ = {isa = PBXFileReference; lastKnownFileType = sourcecode.swift; path = CoordinatesInputView.swift; sourceTree = "<group>"; };
		22E3E3442F31A95500F4107D /* DestinyConnectionView.swift */ = {isa = PBXFileReference; lastKnownFileType = sourcecode.swift; path = DestinyConnectionView.swift; sourceTree = "<group>"; };
		22E3E3452F31A95500F4107D /* DestinyDeductionView.swift */ = {isa = PBXFileReference; lastKnownFileType = sourcecode.swift; path = DestinyDeductionView.swift; sourceTree = "<group>"; };
		22E3E3462F31A95500F4107D /* GeneratedPortraitView.swift */ = {isa = PBXFileReference; lastKnownFileType = sourcecode.swift; path = GeneratedPortraitView.swift; sourceTree = "<group>"; };
		22E3E3472F31A95500F4107D /* IceBreakerView.swift */ = {isa = PBXFileReference; lastKnownFileType = sourcecode.swift; path = IceBreakerView.swift; sourceTree = "<group>"; };
		22E3E3482F31A95500F4107D /* ImageGenerationService.swift */ = {isa = PBXFileReference; lastKnownFileType = sourcecode.swift; path = ImageGenerationService.swift; sourceTree = "<group>"; };
		22E3E3492F31A95500F4107D /* Info.plist */ = {isa = PBXFileReference; lastKnownFileType = text.plist.xml; path = Info.plist; sourceTree = "<group>"; };
		22E3E34A2F31A95500F4107D /* InviteFriendsView.swift */ = {isa = PBXFileReference; lastKnownFileType = sourcecode.swift; path = InviteFriendsView.swift; sourceTree = "<group>"; };
		22E3E34B2F31A95500F4107D /* InviteService.swift */ = {isa = PBXFileReference; lastKnownFileType = sourcecode.swift; path = InviteService.swift; sourceTree = "<group>"; };
		22E3E34C2F31A95500F4107D /* LocationManager.swift */ = {isa = PBXFileReference; lastKnownFileType = sourcecode.swift; path = LocationManager.swift; sourceTree = "<group>"; };
		22E3E34D2F31A95500F4107D /* MainTabView.swift */ = {isa = PBXFileReference; lastKnownFileType = sourcecode.swift; path = MainTabView.swift; sourceTree = "<group>"; };
		22E3E34E2F31A95500F4107D /* MapViewRepresentable.swift */ = {isa = PBXFileReference; lastKnownFileType = sourcecode.swift; path = MapViewRepresentable.swift; sourceTree = "<group>"; };
		22E3E34F2F31A95500F4107D /* MatchingService.swift */ = {isa = PBXFileReference; lastKnownFileType = sourcecode.swift; path = MatchingService.swift; sourceTree = "<group>"; };
		22E3E3502F31A95500F4107D /* MistRevealApp.swift */ = {isa = PBXFileReference; lastKnownFileType = sourcecode.swift; path = MistRevealApp.swift; sourceTree = "<group>"; };
		22E3E3512F31A95500F4107D /* MistRevealView.swift */ = {isa = PBXFileReference; lastKnownFileType = sourcecode.swift; path = MistRevealView.swift; sourceTree = "<group>"; };
		22E3E3522F31A95500F4107D /* PulseAnnotationView.swift */ = {isa = PBXFileReference; lastKnownFileType = sourcecode.swift; path = PulseAnnotationView.swift; sourceTree = "<group>"; };
		22E3E3532F31A95500F4107D /* QuotaManager.swift */ = {isa = PBXFileReference; lastKnownFileType = sourcecode.swift; path = QuotaManager.swift; sourceTree = "<group>"; };
		22E3E3542F31A95500F4107D /* ReportView.swift */ = {isa = PBXFileReference; lastKnownFileType = sourcecode.swift; path = ReportView.swift; sourceTree = "<group>"; };
		22E3E3552F31A95500F4107D /* SecretsManager.swift */ = {isa = PBXFileReference; lastKnownFileType = sourcecode.swift; path = SecretsManager.swift; sourceTree = "<group>"; };
		22E3E3572F31A95500F4107D /* SoulAnalysisModels.swift */ = {isa = PBXFileReference; lastKnownFileType = sourcecode.swift; path = SoulAnalysisModels.swift; sourceTree = "<group>"; };
		22E3E3582F31A95500F4107D /* SoulArchiveDetailView.swift */ = {isa = PBXFileReference; lastKnownFileType = sourcecode.swift; path = SoulArchiveDetailView.swift; sourceTree = "<group>"; };
		22E3E3592F31A95500F4107D /* SoulArchiveManager.swift */ = {isa = PBXFileReference; lastKnownFileType = sourcecode.swift; path = SoulArchiveManager.swift; sourceTree = "<group>"; };
		22E3E35A2F31A95500F4107D /* SoulArchiveView.swift */ = {isa = PBXFileReference; lastKnownFileType = sourcecode.swift; path = SoulArchiveView.swift; sourceTree = "<group>"; };
		22E3E35B2F31A95500F4107D /* SoulmateAIChatService.swift */ = {isa = PBXFileReference; lastKnownFileType = sourcecode.swift; path = SoulmateAIChatService.swift; sourceTree = "<group>"; };
		22E3E35C2F31A95500F4107D /* SoulmateAIChatView.swift */ = {isa = PBXFileReference; lastKnownFileType = sourcecode.swift; path = SoulmateAIChatView.swift; sourceTree = "<group>"; };
		22E3E35D2F31A95500F4107D /* SoulmateManager.swift */ = {isa = PBXFileReference; lastKnownFileType = sourcecode.swift; path = SoulmateManager.swift; sourceTree = "<group>"; };
		22E3E35E2F31A95500F4107D /* SupabaseSaveService.swift */ = {isa = PBXFileReference; lastKnownFileType = sourcecode.swift; path = SupabaseSaveService.swift; sourceTree = "<group>"; };
		22E3E35F2F31A95500F4107D /* SupabaseTestView.swift */ = {isa = PBXFileReference; lastKnownFileType = sourcecode.swift; path = SupabaseTestView.swift; sourceTree = "<group>"; };
		22E3E3602F31A95500F4107D /* TextGenerationService.swift */ = {isa = PBXFileReference; lastKnownFileType = sourcecode.swift; path = TextGenerationService.swift; sourceTree = "<group>"; };
		22E3E3612F31A95500F4107D /* WelcomeView.swift */ = {isa = PBXFileReference; lastKnownFileType = sourcecode.swift; path = WelcomeView.swift; sourceTree = "<group>"; };
		22E3E3632F31B25C00F4107D /* Preview Assets.xcassets */ = {isa = PBXFileReference; lastKnownFileType = folder.assetcatalog; path = "Preview Assets.xcassets"; sourceTree = "<group>"; };
		22E3E3652F31B25C00F4107D /* AppConfig.swift */ = {isa = PBXFileReference; lastKnownFileType = sourcecode.swift; path = AppConfig.swift; sourceTree = "<group>"; };
		22E3E3662F31B25C00F4107D /* Assets.xcassets */ = {isa = PBXFileReference; lastKnownFileType = folder.assetcatalog; path = Assets.xcassets; sourceTree = "<group>"; };
		22E3E3672F31B25C00F4107D /* AuthManager.swift */ = {isa = PBXFileReference; lastKnownFileType = sourcecode.swift; path = AuthManager.swift; sourceTree = "<group>"; };
		22E3E3682F31B25C00F4107D /* AuthView.swift */ = {isa = PBXFileReference; lastKnownFileType = sourcecode.swift; path = AuthView.swift; sourceTree = "<group>"; };
		22E3E3692F31B25C00F4107D /* ChatService.swift */ = {isa = PBXFileReference; lastKnownFileType = sourcecode.swift; path = ChatService.swift; sourceTree = "<group>"; };
		22E3E36A2F31B25C00F4107D /* ChatView.swift */ = {isa = PBXFileReference; lastKnownFileType = sourcecode.swift; path = ChatView.swift; sourceTree = "<group>"; };
		22E3E36B2F31B25C00F4107D /* CoordinatesInputView.swift */ = {isa = PBXFileReference; lastKnownFileType = sourcecode.swift; path = CoordinatesInputView.swift; sourceTree = "<group>"; };
		22E3E36C2F31B25C00F4107D /* DestinyConnectionView.swift */ = {isa = PBXFileReference; lastKnownFileType = sourcecode.swift; path = DestinyConnectionView.swift; sourceTree = "<group>"; };
		22E3E36D2F31B25C00F4107D /* DestinyDeductionView.swift */ = {isa = PBXFileReference; lastKnownFileType = sourcecode.swift; path = DestinyDeductionView.swift; sourceTree = "<group>"; };
		22E3E36E2F31B25C00F4107D /* GeneratedPortraitView.swift */ = {isa = PBXFileReference; lastKnownFileType = sourcecode.swift; path = GeneratedPortraitView.swift; sourceTree = "<group>"; };
		22E3E36F2F31B25C00F4107D /* IceBreakerView.swift */ = {isa = PBXFileReference; lastKnownFileType = sourcecode.swift; path = IceBreakerView.swift; sourceTree = "<group>"; };
		22E3E3702F31B25C00F4107D /* ImageGenerationService.swift */ = {isa = PBXFileReference; lastKnownFileType = sourcecode.swift; path = ImageGenerationService.swift; sourceTree = "<group>"; };
		22E3E3712F31B25C00F4107D /* Info.plist */ = {isa = PBXFileReference; lastKnownFileType = text.plist.xml; path = Info.plist; sourceTree = "<group>"; };
		22E3E3722F31B25C00F4107D /* InviteFriendsView.swift */ = {isa = PBXFileReference; lastKnownFileType = sourcecode.swift; path = InviteFriendsView.swift; sourceTree = "<group>"; };
		22E3E3732F31B25C00F4107D /* InviteService.swift */ = {isa = PBXFileReference; lastKnownFileType = sourcecode.swift; path = InviteService.swift; sourceTree = "<group>"; };
		22E3E3742F31B25C00F4107D /* LocationManager.swift */ = {isa = PBXFileReference; lastKnownFileType = sourcecode.swift; path = LocationManager.swift; sourceTree = "<group>"; };
		22E3E3752F31B25C00F4107D /* MainTabView.swift */ = {isa = PBXFileReference; lastKnownFileType = sourcecode.swift; path = MainTabView.swift; sourceTree = "<group>"; };
		22E3E3762F31B25C00F4107D /* MapViewRepresentable.swift */ = {isa = PBXFileReference; lastKnownFileType = sourcecode.swift; path = MapViewRepresentable.swift; sourceTree = "<group>"; };
		22E3E3772F31B25C00F4107D /* MatchingService.swift */ = {isa = PBXFileReference; lastKnownFileType = sourcecode.swift; path = MatchingService.swift; sourceTree = "<group>"; };
		22E3E3782F31B25C00F4107D /* MistRevealApp.swift */ = {isa = PBXFileReference; lastKnownFileType = sourcecode.swift; path = MistRevealApp.swift; sourceTree = "<group>"; };
		22E3E3792F31B25C00F4107D /* MistRevealView.swift */ = {isa = PBXFileReference; lastKnownFileType = sourcecode.swift; path = MistRevealView.swift; sourceTree = "<group>"; };
		22E3E37A2F31B25C00F4107D /* PulseAnnotationView.swift */ = {isa = PBXFileReference; lastKnownFileType = sourcecode.swift; path = PulseAnnotationView.swift; sourceTree = "<group>"; };
		22E3E37B2F31B25C00F4107D /* QuotaManager.swift */ = {isa = PBXFileReference; lastKnownFileType = sourcecode.swift; path = QuotaManager.swift; sourceTree = "<group>"; };
		22E3E37C2F31B25C00F4107D /* ReportView.swift */ = {isa = PBXFileReference; lastKnownFileType = sourcecode.swift; path = ReportView.swift; sourceTree = "<group>"; };
		22E3E37D2F31B25C00F4107D /* SecretsManager.swift */ = {isa = PBXFileReference; lastKnownFileType = sourcecode.swift; path = SecretsManager.swift; sourceTree = "<group>"; };
		22E3E37F2F31B25C00F4107D /* SoulAnalysisModels.swift */ = {isa = PBXFileReference; lastKnownFileType = sourcecode.swift; path = SoulAnalysisModels.swift; sourceTree = "<group>"; };
		22E3E3802F31B25C00F4107D /* SoulArchiveDetailView.swift */ = {isa = PBXFileReference; lastKnownFileType = sourcecode.swift; path = SoulArchiveDetailView.swift; sourceTree = "<group>"; };
		22E3E3812F31B25C00F4107D /* SoulArchiveManager.swift */ = {isa = PBXFileReference; lastKnownFileType = sourcecode.swift; path = SoulArchiveManager.swift; sourceTree = "<group>"; };
		22E3E3822F31B25C00F4107D /* SoulArchiveView.swift */ = {isa = PBXFileReference; lastKnownFileType = sourcecode.swift; path = SoulArchiveView.swift; sourceTree = "<group>"; };
		22E3E3832F31B25C00F4107D /* SoulmateAIChatService.swift */ = {isa = PBXFileReference; lastKnownFileType = sourcecode.swift; path = SoulmateAIChatService.swift; sourceTree = "<group>"; };
		22E3E3842F31B25C00F4107D /* SoulmateAIChatView.swift */ = {isa = PBXFileReference; lastKnownFileType = sourcecode.swift; path = SoulmateAIChatView.swift; sourceTree = "<group>"; };
		22E3E3852F31B25C00F4107D /* SoulmateManager.swift */ = {isa = PBXFileReference; lastKnownFileType = sourcecode.swift; path = SoulmateManager.swift; sourceTree = "<group>"; };
		22E3E3862F31B25C00F4107D /* SupabaseSaveService.swift */ = {isa = PBXFileReference; lastKnownFileType = sourcecode.swift; path = SupabaseSaveService.swift; sourceTree = "<group>"; };
		22E3E3872F31B25C00F4107D /* SupabaseTestView.swift */ = {isa = PBXFileReference; lastKnownFileType = sourcecode.swift; path = SupabaseTestView.swift; sourceTree = "<group>"; };
		22E3E3882F31B25C00F4107D /* TextGenerationService.swift */ = {isa = PBXFileReference; lastKnownFileType = sourcecode.swift; path = TextGenerationService.swift; sourceTree = "<group>"; };
		22E3E3892F31B25C00F4107D /* WelcomeView.swift */ = {isa = PBXFileReference; lastKnownFileType = sourcecode.swift; path = WelcomeView.swift; sourceTree = "<group>"; };
		23100326CBAC4039B6E84F8A /* FateRecordsView.swift */ = {isa = PBXFileReference; lastKnownFileType = sourcecode.swift; path = FateRecordsView.swift; sourceTree = "<group>"; };
		844DB52015AC4B9FBE5F7F42 /* SoulmateGalleryView.swift */ = {isa = PBXFileReference; lastKnownFileType = sourcecode.swift; path = SoulmateGalleryView.swift; sourceTree = "<group>"; };
		AB000000 /* MistReveal.app */ = {isa = PBXFileReference; explicitFileType = wrapper.application; includeInIndex = 0; path = MistReveal.app; sourceTree = BUILT_PRODUCTS_DIR; };
		AB000001 /* MistRevealApp.swift */ = {isa = PBXFileReference; lastKnownFileType = sourcecode.swift; path = MistRevealApp.swift; sourceTree = "<group>"; };
		AB000002 /* MainTabView.swift */ = {isa = PBXFileReference; lastKnownFileType = sourcecode.swift; path = MainTabView.swift; sourceTree = "<group>"; };
		AB000003 /* WelcomeView.swift */ = {isa = PBXFileReference; lastKnownFileType = sourcecode.swift; path = WelcomeView.swift; sourceTree = "<group>"; };
		AB000004 /* CoordinatesInputView.swift */ = {isa = PBXFileReference; lastKnownFileType = sourcecode.swift; path = CoordinatesInputView.swift; sourceTree = "<group>"; };
		AB000005 /* ReportView.swift */ = {isa = PBXFileReference; lastKnownFileType = sourcecode.swift; path = ReportView.swift; sourceTree = "<group>"; };
		AB000006 /* MistRevealView.swift */ = {isa = PBXFileReference; lastKnownFileType = sourcecode.swift; path = MistRevealView.swift; sourceTree = "<group>"; };
		AB000007 /* GeneratedPortraitView.swift */ = {isa = PBXFileReference; lastKnownFileType = sourcecode.swift; path = GeneratedPortraitView.swift; sourceTree = "<group>"; };
		AB000008 /* Assets.xcassets */ = {isa = PBXFileReference; lastKnownFileType = folder.assetcatalog; path = Assets.xcassets; sourceTree = "<group>"; };
		AB000009 /* Preview Assets.xcassets */ = {isa = PBXFileReference; lastKnownFileType = folder.assetcatalog; path = "Preview Assets.xcassets"; sourceTree = "<group>"; };
		AB00000A /* Info.plist */ = {isa = PBXFileReference; lastKnownFileType = text.plist.xml; path = Info.plist; sourceTree = "<group>"; };
		AB00000B /* SupabaseTestView.swift */ = {isa = PBXFileReference; lastKnownFileType = sourcecode.swift; path = SupabaseTestView.swift; sourceTree = "<group>"; };
		AB00000C /* AuthManager.swift */ = {isa = PBXFileReference; lastKnownFileType = sourcecode.swift; path = AuthManager.swift; sourceTree = "<group>"; };
		AB00000D /* AuthView.swift */ = {isa = PBXFileReference; lastKnownFileType = sourcecode.swift; path = AuthView.swift; sourceTree = "<group>"; };
		AB00000E /* AppConfig.swift */ = {isa = PBXFileReference; lastKnownFileType = sourcecode.swift; path = AppConfig.swift; sourceTree = "<group>"; };
		AB00000F /* TextGenerationService.swift */ = {isa = PBXFileReference; lastKnownFileType = sourcecode.swift; path = TextGenerationService.swift; sourceTree = "<group>"; };
		AB000010 /* ImageGenerationService.swift */ = {isa = PBXFileReference; lastKnownFileType = sourcecode.swift; path = ImageGenerationService.swift; sourceTree = "<group>"; };
		AB000011 /* SoulmateManager.swift */ = {isa = PBXFileReference; lastKnownFileType = sourcecode.swift; path = SoulmateManager.swift; sourceTree = "<group>"; };
		AB000012 /* SupabaseSaveService.swift */ = {isa = PBXFileReference; lastKnownFileType = sourcecode.swift; path = SupabaseSaveService.swift; sourceTree = "<group>"; };
		AB000013 /* SoulAnalysisModels.swift */ = {isa = PBXFileReference; lastKnownFileType = sourcecode.swift; path = SoulAnalysisModels.swift; sourceTree = "<group>"; };
		AB000014 /* DestinyDeductionView.swift */ = {isa = PBXFileReference; lastKnownFileType = sourcecode.swift; path = DestinyDeductionView.swift; sourceTree = "<group>"; };
		AB000015 /* QuotaManager.swift */ = {isa = PBXFileReference; lastKnownFileType = sourcecode.swift; path = QuotaManager.swift; sourceTree = "<group>"; };
		AB000016 /* InviteService.swift */ = {isa = PBXFileReference; lastKnownFileType = sourcecode.swift; path = InviteService.swift; sourceTree = "<group>"; };
		AB000017 /* InviteFriendsView.swift */ = {isa = PBXFileReference; lastKnownFileType = sourcecode.swift; path = InviteFriendsView.swift; sourceTree = "<group>"; };
		AB000018 /* SoulArchiveManager.swift */ = {isa = PBXFileReference; lastKnownFileType = sourcecode.swift; path = SoulArchiveManager.swift; sourceTree = "<group>"; };
		AB000019 /* SoulArchiveView.swift */ = {isa = PBXFileReference; lastKnownFileType = sourcecode.swift; path = SoulArchiveView.swift; sourceTree = "<group>"; };
		AB00001A /* SoulArchiveDetailView.swift */ = {isa = PBXFileReference; lastKnownFileType = sourcecode.swift; path = SoulArchiveDetailView.swift; sourceTree = "<group>"; };
		AB00001B /* LocationManager.swift */ = {isa = PBXFileReference; lastKnownFileType = sourcecode.swift; path = LocationManager.swift; sourceTree = "<group>"; };
		AB00001C /* MatchingService.swift */ = {isa = PBXFileReference; lastKnownFileType = sourcecode.swift; path = MatchingService.swift; sourceTree = "<group>"; };
		AB00001D /* MapViewRepresentable.swift */ = {isa = PBXFileReference; lastKnownFileType = sourcecode.swift; path = MapViewRepresentable.swift; sourceTree = "<group>"; };
		AB00001E /* ChatService.swift */ = {isa = PBXFileReference; lastKnownFileType = sourcecode.swift; path = ChatService.swift; sourceTree = "<group>"; };
		AB00001F /* ChatView.swift */ = {isa = PBXFileReference; lastKnownFileType = sourcecode.swift; path = ChatView.swift; sourceTree = "<group>"; };
		AB000020 /* IceBreakerView.swift */ = {isa = PBXFileReference; lastKnownFileType = sourcecode.swift; path = IceBreakerView.swift; sourceTree = "<group>"; };
		AB000021 /* PulseAnnotationView.swift */ = {isa = PBXFileReference; lastKnownFileType = sourcecode.swift; path = PulseAnnotationView.swift; sourceTree = "<group>"; };
		AB000022 /* DestinyConnectionView.swift */ = {isa = PBXFileReference; lastKnownFileType = sourcecode.swift; path = DestinyConnectionView.swift; sourceTree = "<group>"; };
		AB000031 /* AICompanionModels.swift */ = {isa = PBXFileReference; lastKnownFileType = sourcecode.swift; path = AICompanionModels.swift; sourceTree = "<group>"; };
		AB000032 /* AICompanionService.swift */ = {isa = PBXFileReference; lastKnownFileType = sourcecode.swift; path = AICompanionService.swift; sourceTree = "<group>"; };
		AB000033 /* UserManualService.swift */ = {isa = PBXFileReference; lastKnownFileType = sourcecode.swift; path = UserManualService.swift; sourceTree = "<group>"; };
		AB000034 /* MatchNotificationService.swift */ = {isa = PBXFileReference; lastKnownFileType = sourcecode.swift; path = MatchNotificationService.swift; sourceTree = "<group>"; };
		AB000035 /* ChinaCityData.swift */ = {isa = PBXFileReference; lastKnownFileType = sourcecode.swift; path = ChinaCityData.swift; sourceTree = "<group>"; };
		AB000036 /* SupabaseManager.swift */ = {isa = PBXFileReference; lastKnownFileType = sourcecode.swift; path = SupabaseManager.swift; sourceTree = "<group>"; };
		AB000037 /* CityCoordinates.swift */ = {isa = PBXFileReference; lastKnownFileType = sourcecode.swift; path = CityCoordinates.swift; sourceTree = "<group>"; };
		AB000040 /* Soul_Core.md */ = {isa = PBXFileReference; lastKnownFileType = text; path = Soul_Core.md; sourceTree = "<group>"; };
		AB000041 /* Safety_Policy.md */ = {isa = PBXFileReference; lastKnownFileType = text; path = Safety_Policy.md; sourceTree = "<group>"; };
		AB000042 /* Response_Schema.md */ = {isa = PBXFileReference; lastKnownFileType = text; path = Response_Schema.md; sourceTree = "<group>"; };
		AB000043 /* Trigger_Config.json */ = {isa = PBXFileReference; lastKnownFileType = text.json; path = Trigger_Config.json; sourceTree = "<group>"; };
		AB000044 /* Script_Slots.json */ = {isa = PBXFileReference; lastKnownFileType = text.json; path = Script_Slots.json; sourceTree = "<group>"; };
		AB000045 /* Topic_Templates.json */ = {isa = PBXFileReference; lastKnownFileType = text.json; path = Topic_Templates.json; sourceTree = "<group>"; };
		AB000051 /* PurchaseManager.swift */ = {isa = PBXFileReference; lastKnownFileType = sourcecode.swift; path = PurchaseManager.swift; sourceTree = "<group>"; };
		AB000052 /* DeepReportDetailView.swift */ = {isa = PBXFileReference; lastKnownFileType = sourcecode.swift; path = DeepReportDetailView.swift; sourceTree = "<group>"; };
		EACB27116927944287C2B86B /* SettingsView.swift */ = {isa = PBXFileReference; includeInIndex = 1; lastKnownFileType = sourcecode.swift; path = SettingsView.swift; sourceTree = "<group>"; };
/* End PBXFileReference section */

/* Begin PBXFrameworksBuildPhase section */
		AC000001 /* Frameworks */ = {
			isa = PBXFrameworksBuildPhase;
			buildActionMask = 2147483647;
			files = (
				2239BF872F08A0AA00B8997C /* GoogleSignInSwift in Frameworks */,
				22E3E4692F31E2D500F4107D /* LunarSwift in Frameworks */,
				2239BF502F07C4C300B8997C /* Supabase in Frameworks */,
				2239BF852F08A0AA00B8997C /* GoogleSignIn in Frameworks */,
			);
			runOnlyForDeploymentPostprocessing = 0;
		};
/* End PBXFrameworksBuildPhase section */

/* Begin PBXGroup section */
		22E3E33C2F31A95500F4107D /* Preview Content */ = {
			isa = PBXGroup;
			children = (
				22E3E33B2F31A95500F4107D /* Preview Assets.xcassets */,
			);
			path = "Preview Content";
			sourceTree = "<group>";
		};
		22E3E3622F31A95500F4107D /* MistReveal */ = {
			isa = PBXGroup;
			children = (
				22E3E33C2F31A95500F4107D /* Preview Content */,
				22E3E33D2F31A95500F4107D /* AppConfig.swift */,
				22E3E33E2F31A95500F4107D /* Assets.xcassets */,
				22E3E33F2F31A95500F4107D /* AuthManager.swift */,
				22E3E3402F31A95500F4107D /* AuthView.swift */,
				22E3E3412F31A95500F4107D /* ChatService.swift */,
				22E3E3422F31A95500F4107D /* ChatView.swift */,
				22E3E3432F31A95500F4107D /* CoordinatesInputView.swift */,
				22E3E3442F31A95500F4107D /* DestinyConnectionView.swift */,
				22E3E3452F31A95500F4107D /* DestinyDeductionView.swift */,
				22E3E3462F31A95500F4107D /* GeneratedPortraitView.swift */,
				22E3E3472F31A95500F4107D /* IceBreakerView.swift */,
				22E3E3482F31A95500F4107D /* ImageGenerationService.swift */,
				22E3E3492F31A95500F4107D /* Info.plist */,
				22E3E34A2F31A95500F4107D /* InviteFriendsView.swift */,
				22E3E34B2F31A95500F4107D /* InviteService.swift */,
				22E3E34C2F31A95500F4107D /* LocationManager.swift */,
				22E3E34D2F31A95500F4107D /* MainTabView.swift */,
				22E3E34E2F31A95500F4107D /* MapViewRepresentable.swift */,
				22E3E34F2F31A95500F4107D /* MatchingService.swift */,
				22E3E3502F31A95500F4107D /* MistRevealApp.swift */,
				22E3E3512F31A95500F4107D /* MistRevealView.swift */,
				22E3E3522F31A95500F4107D /* PulseAnnotationView.swift */,
				22E3E3532F31A95500F4107D /* QuotaManager.swift */,
				22E3E3542F31A95500F4107D /* ReportView.swift */,
				22E3E3552F31A95500F4107D /* SecretsManager.swift */,
				22E3E3572F31A95500F4107D /* SoulAnalysisModels.swift */,
				22E3E3582F31A95500F4107D /* SoulArchiveDetailView.swift */,
				22E3E3592F31A95500F4107D /* SoulArchiveManager.swift */,
				22E3E35A2F31A95500F4107D /* SoulArchiveView.swift */,
				22E3E35B2F31A95500F4107D /* SoulmateAIChatService.swift */,
				22E3E35C2F31A95500F4107D /* SoulmateAIChatView.swift */,
				22E3E35D2F31A95500F4107D /* SoulmateManager.swift */,
				22E3E35E2F31A95500F4107D /* SupabaseSaveService.swift */,
				22E3E35F2F31A95500F4107D /* SupabaseTestView.swift */,
				22E3E3602F31A95500F4107D /* TextGenerationService.swift */,
				22E3E3612F31A95500F4107D /* WelcomeView.swift */,
			);
			path = MistReveal;
			sourceTree = "<group>";
		};
		22E3E3642F31B25C00F4107D /* Preview Content */ = {
			isa = PBXGroup;
			children = (
				22E3E3632F31B25C00F4107D /* Preview Assets.xcassets */,
			);
			path = "Preview Content";
			sourceTree = "<group>";
		};
		22E3E38A2F31B25C00F4107D /* MistReveal */ = {
			isa = PBXGroup;
			children = (
				22E3E3642F31B25C00F4107D /* Preview Content */,
				22E3E3652F31B25C00F4107D /* AppConfig.swift */,
				22E3E3662F31B25C00F4107D /* Assets.xcassets */,
				22E3E3672F31B25C00F4107D /* AuthManager.swift */,
				22E3E3682F31B25C00F4107D /* AuthView.swift */,
				22E3E3692F31B25C00F4107D /* ChatService.swift */,
				22E3E36A2F31B25C00F4107D /* ChatView.swift */,
				22E3E36B2F31B25C00F4107D /* CoordinatesInputView.swift */,
				22E3E36C2F31B25C00F4107D /* DestinyConnectionView.swift */,
				22E3E36D2F31B25C00F4107D /* DestinyDeductionView.swift */,
				22E3E36E2F31B25C00F4107D /* GeneratedPortraitView.swift */,
				22E3E36F2F31B25C00F4107D /* IceBreakerView.swift */,
				22E3E3702F31B25C00F4107D /* ImageGenerationService.swift */,
				22E3E3712F31B25C00F4107D /* Info.plist */,
				22E3E3722F31B25C00F4107D /* InviteFriendsView.swift */,
				22E3E3732F31B25C00F4107D /* InviteService.swift */,
				22E3E3742F31B25C00F4107D /* LocationManager.swift */,
				22E3E3752F31B25C00F4107D /* MainTabView.swift */,
				22E3E3762F31B25C00F4107D /* MapViewRepresentable.swift */,
				22E3E3772F31B25C00F4107D /* MatchingService.swift */,
				22E3E3782F31B25C00F4107D /* MistRevealApp.swift */,
				22E3E3792F31B25C00F4107D /* MistRevealView.swift */,
				22E3E37A2F31B25C00F4107D /* PulseAnnotationView.swift */,
				22E3E37B2F31B25C00F4107D /* QuotaManager.swift */,
				22E3E37C2F31B25C00F4107D /* ReportView.swift */,
				22E3E37D2F31B25C00F4107D /* SecretsManager.swift */,
				22E3E37F2F31B25C00F4107D /* SoulAnalysisModels.swift */,
				22E3E3802F31B25C00F4107D /* SoulArchiveDetailView.swift */,
				22E3E3812F31B25C00F4107D /* SoulArchiveManager.swift */,
				22E3E3822F31B25C00F4107D /* SoulArchiveView.swift */,
				22E3E3832F31B25C00F4107D /* SoulmateAIChatService.swift */,
				22E3E3842F31B25C00F4107D /* SoulmateAIChatView.swift */,
				844DB52015AC4B9FBE5F7F42 /* SoulmateGalleryView.swift */,
				23100326CBAC4039B6E84F8A /* FateRecordsView.swift */,
				AB000031 /* AICompanionModels.swift */,
				AB000032 /* AICompanionService.swift */,
				AB000051 /* PurchaseManager.swift */,
				AB000052 /* DeepReportDetailView.swift */,
				AB000033 /* UserManualService.swift */,
				AB000034 /* MatchNotificationService.swift */,
				22E3E3852F31B25C00F4107D /* SoulmateManager.swift */,
				22E3E3862F31B25C00F4107D /* SupabaseSaveService.swift */,
				22E3E3872F31B25C00F4107D /* SupabaseTestView.swift */,
				22E3E3882F31B25C00F4107D /* TextGenerationService.swift */,
				22E3E3892F31B25C00F4107D /* WelcomeView.swift */,
				0AA002FC3545F59CD7831571 /* LanguageManager.swift */,
				EACB27116927944287C2B86B /* SettingsView.swift */,
			);
			path = MistReveal;
			sourceTree = "<group>";
		};
		AD000001 = {
			isa = PBXGroup;
			children = (
				22541F912F7E1FAF005B1A8C /* Localizable.xcstrings */,
				22E3E38A2F31B25C00F4107D /* MistReveal */,
				22E3E3622F31A95500F4107D /* MistReveal */,
				AD000002 /* MistReveal */,
				AD000003 /* Products */,
			);
			sourceTree = "<group>";
		};
		AD000002 /* MistReveal */ = {
			isa = PBXGroup;
			children = (
				AD000005 /* Resources */,
				AB000001 /* MistRevealApp.swift */,
				AB000002 /* MainTabView.swift */,
				AB000003 /* WelcomeView.swift */,
				AB000004 /* CoordinatesInputView.swift */,
				AB000005 /* ReportView.swift */,
				AB000006 /* MistRevealView.swift */,
				AB000007 /* GeneratedPortraitView.swift */,
				AB000036 /* SupabaseManager.swift */,
				AB00000B /* SupabaseTestView.swift */,
				AB00000C /* AuthManager.swift */,
				AB00000D /* AuthView.swift */,
				AB00000E /* AppConfig.swift */,
				AB00000F /* TextGenerationService.swift */,
				AB000010 /* ImageGenerationService.swift */,
				AB000011 /* SoulmateManager.swift */,
				AB000012 /* SupabaseSaveService.swift */,
				AB000013 /* SoulAnalysisModels.swift */,
				AB000014 /* DestinyDeductionView.swift */,
				AB000015 /* QuotaManager.swift */,
				AB000016 /* InviteService.swift */,
				AB000017 /* InviteFriendsView.swift */,
				AB000018 /* SoulArchiveManager.swift */,
				AB000019 /* SoulArchiveView.swift */,
				AB00001A /* SoulArchiveDetailView.swift */,
				AB00001B /* LocationManager.swift */,
				AB00001C /* MatchingService.swift */,
				AB00001D /* MapViewRepresentable.swift */,
				AB00001E /* ChatService.swift */,
				AB00001F /* ChatView.swift */,
				AB000020 /* IceBreakerView.swift */,
				AB000021 /* PulseAnnotationView.swift */,
				AB000022 /* DestinyConnectionView.swift */,
				AB000035 /* ChinaCityData.swift */,
				AB000037 /* CityCoordinates.swift */,
				AB000008 /* Assets.xcassets */,
				AB00000A /* Info.plist */,
				AD000004 /* Preview Content */,
			);
			path = MistReveal;
			sourceTree = "<group>";
		};
		AD000003 /* Products */ = {
			isa = PBXGroup;
			children = (
				AB000000 /* MistReveal.app */,
			);
			name = Products;
			sourceTree = "<group>";
		};
		AD000004 /* Preview Content */ = {
			isa = PBXGroup;
			children = (
				AB000009 /* Preview Assets.xcassets */,
			);
			path = "Preview Content";
			sourceTree = "<group>";
		};
		AD000005 /* Resources */ = {
			isa = PBXGroup;
			children = (
				AB000040 /* Soul_Core.md */,
				AB000041 /* Safety_Policy.md */,
				AB000042 /* Response_Schema.md */,
				AB000043 /* Trigger_Config.json */,
				AB000044 /* Script_Slots.json */,
				AB000045 /* Topic_Templates.json */,
			);
			path = Resources;
			sourceTree = "<group>";
		};
/* End PBXGroup section */

/* Begin PBXNativeTarget section */
		AE000001 /* MistReveal */ = {
			isa = PBXNativeTarget;
			buildConfigurationList = AF000003 /* Build configuration list for PBXNativeTarget "MistReveal" */;
			buildPhases = (
				AE000002 /* Sources */,
				AC000001 /* Frameworks */,
				AE000003 /* Resources */,
			);
			buildRules = (
			);
			dependencies = (
			);
			name = MistReveal;
			productName = MistReveal;
			productReference = AB000000 /* MistReveal.app */;
			productType = "com.apple.product-type.application";
		};
/* End PBXNativeTarget section */

/* Begin PBXProject section */
		AF000001 /* Project object */ = {
			isa = PBXProject;
			attributes = {
				BuildIndependentTargetsInParallel = 1;
				LastSwiftUpdateCheck = 1500;
				LastUpgradeCheck = 1500;
				TargetAttributes = {
					AE000001 = {
						CreatedOnToolsVersion = 15.0;
					};
				};
			};
			buildConfigurationList = AF000002 /* Build configuration list for PBXProject "MistReveal" */;
			compatibilityVersion = "Xcode 14.0";
			developmentRegion = "zh-Hans";
			hasScannedForEncodings = 0;
			knownRegions = (
				en,
				Base,
				"zh-Hans",
			);
			mainGroup = AD000001;
			packageReferences = (
				2239BF4E2F07C4C300B8997C /* XCRemoteSwiftPackageReference "supabase-swift" */,
				2239BF832F08A0AA00B8997C /* XCRemoteSwiftPackageReference "GoogleSignIn-iOS" */,
				22E3E4672F31E2D500F4107D /* XCRemoteSwiftPackageReference "lunar-swift" */,
			);
			productRefGroup = AD000003 /* Products */;
			projectDirPath = "";
			projectRoot = "";
			targets = (
				AE000001 /* MistReveal */,
			);
		};
/* End PBXProject section */

/* Begin PBXResourcesBuildPhase section */
		AE000003 /* Resources */ = {
			isa = PBXResourcesBuildPhase;
			buildActionMask = 2147483647;
			files = (
				AA000040 /* Soul_Core.md in Resources */,
				AA000041 /* Safety_Policy.md in Resources */,
				AA000042 /* Response_Schema.md in Resources */,
				AA000043 /* Trigger_Config.json in Resources */,
				AA000044 /* Script_Slots.json in Resources */,
				AA000045 /* Topic_Templates.json in Resources */,
				AA000009 /* Preview Assets.xcassets in Resources */,
				AA000008 /* Assets.xcassets in Resources */,
				22541F922F7E1FAF005B1A8C /* Localizable.xcstrings in Resources */,
			);
			runOnlyForDeploymentPostprocessing = 0;
		};
/* End PBXResourcesBuildPhase section */

/* Begin PBXSourcesBuildPhase section */
		AE000002 /* Sources */ = {
			isa = PBXSourcesBuildPhase;
			buildActionMask = 2147483647;
			files = (
				AA000001 /* MistRevealApp.swift in Sources */,
				AA000002 /* MainTabView.swift in Sources */,
				AA000003 /* WelcomeView.swift in Sources */,
				22E3E3A72F31B25C00F4107D /* SoulmateAIChatService.swift in Sources */,
				22E3E3A82F31B25C00F4107D /* SecretsManager.swift in Sources */,
				22E3E3AA2F31B25C00F4107D /* SoulmateAIChatView.swift in Sources */,
				794A7D7067F94FEBA8A226AA /* SoulmateGalleryView.swift in Sources */,
				A092922FE37F48FDB2D7E01F /* FateRecordsView.swift in Sources */,
				AA000004 /* CoordinatesInputView.swift in Sources */,
				AA000005 /* ReportView.swift in Sources */,
				AA000006 /* MistRevealView.swift in Sources */,
				AA000007 /* GeneratedPortraitView.swift in Sources */,
				AA00000A /* SupabaseTestView.swift in Sources */,
				AA00000C /* AuthManager.swift in Sources */,
				AA00000D /* AuthView.swift in Sources */,
				AA00000E /* AppConfig.swift in Sources */,
				AA00000F /* TextGenerationService.swift in Sources */,
				AA000010 /* ImageGenerationService.swift in Sources */,
				AA000011 /* SoulmateManager.swift in Sources */,
				AA000012 /* SupabaseSaveService.swift in Sources */,
				AA000013 /* SoulAnalysisModels.swift in Sources */,
				AA000014 /* DestinyDeductionView.swift in Sources */,
				AA000015 /* QuotaManager.swift in Sources */,
				AA000016 /* InviteService.swift in Sources */,
				AA000017 /* InviteFriendsView.swift in Sources */,
				AA000018 /* SoulArchiveManager.swift in Sources */,
				AA000019 /* SoulArchiveView.swift in Sources */,
				AA00001A /* SoulArchiveDetailView.swift in Sources */,
				AA00001B /* LocationManager.swift in Sources */,
				AA00001C /* MatchingService.swift in Sources */,
				AA00001D /* MapViewRepresentable.swift in Sources */,
				AA00001E /* ChatService.swift in Sources */,
				AA00001F /* ChatView.swift in Sources */,
				AA000020 /* IceBreakerView.swift in Sources */,
				AA000021 /* PulseAnnotationView.swift in Sources */,
				AA000022 /* DestinyConnectionView.swift in Sources */,
				AA000031 /* AICompanionModels.swift in Sources */,
				AA000032 /* AICompanionService.swift in Sources */,
				AA000051 /* PurchaseManager.swift in Sources */,
				AA000052 /* DeepReportDetailView.swift in Sources */,
				AA000033 /* UserManualService.swift in Sources */,
				AA000034 /* MatchNotificationService.swift in Sources */,
				AA000035 /* ChinaCityData.swift in Sources */,
				AA000036 /* SupabaseManager.swift in Sources */,
				AA000037 /* CityCoordinates.swift in Sources */,
				C60A9230D913DB0A2B47C4FE /* LanguageManager.swift in Sources */,
				058844346FA5256B1B6A80A4 /* SettingsView.swift in Sources */,
			);
			runOnlyForDeploymentPostprocessing = 0;
		};
/* End PBXSourcesBuildPhase section */

/* Begin XCBuildConfiguration section */
		B0000001 /* Debug */ = {
			isa = XCBuildConfiguration;
			buildSettings = {
				ALWAYS_SEARCH_USER_PATHS = NO;
				ASSETCATALOG_COMPILER_GENERATE_SWIFT_ASSET_SYMBOL_EXTENSIONS = YES;
				CLANG_ANALYZER_NONNULL = YES;
				CLANG_ANALYZER_NUMBER_OBJECT_CONVERSION = YES_AGGRESSIVE;
				CLANG_CXX_LANGUAGE_STANDARD = "gnu++20";
				CLANG_ENABLE_MODULES = YES;
				CLANG_ENABLE_OBJC_ARC = YES;
				CLANG_ENABLE_OBJC_WEAK = YES;
				CLANG_WARN_BLOCK_CAPTURE_AUTORELEASING = YES;
				CLANG_WARN_BOOL_CONVERSION = YES;
				CLANG_WARN_COMMA = YES;
				CLANG_WARN_CONSTANT_CONVERSION = YES;
				CLANG_WARN_DEPRECATED_OBJC_IMPLEMENTATIONS = YES;
				CLANG_WARN_DIRECT_OBJC_ISA_USAGE = YES_ERROR;
				CLANG_WARN_DOCUMENTATION_COMMENTS = YES;
				CLANG_WARN_EMPTY_BODY = YES;
				CLANG_WARN_ENUM_CONVERSION = YES;
				CLANG_WARN_INFINITE_RECURSION = YES;
				CLANG_WARN_INT_CONVERSION = YES;
				CLANG_WARN_NON_LITERAL_NULL_CONVERSION = YES;
				CLANG_WARN_OBJC_IMPLICIT_RETAIN_SELF = YES;
				CLANG_WARN_OBJC_LITERAL_CONVERSION = YES;
				CLANG_WARN_OBJC_ROOT_CLASS = YES_ERROR;
				CLANG_WARN_QUOTED_INCLUDE_IN_FRAMEWORK_HEADER = YES;
				CLANG_WARN_RANGE_LOOP_ANALYSIS = YES;
				CLANG_WARN_STRICT_PROTOTYPES = YES;
				CLANG_WARN_SUSPICIOUS_MOVE = YES;
				CLANG_WARN_UNGUARDED_AVAILABILITY = YES_AGGRESSIVE;
				CLANG_WARN_UNREACHABLE_CODE = YES;
				CLANG_WARN__DUPLICATE_METHOD_MATCH = YES;
				COPY_PHASE_STRIP = NO;
				DEBUG_INFORMATION_FORMAT = dwarf;
				ENABLE_STRICT_OBJC_MSGSEND = YES;
				ENABLE_TESTABILITY = YES;
				ENABLE_USER_SCRIPT_SANDBOXING = YES;
				GCC_C_LANGUAGE_STANDARD = gnu17;
				GCC_DYNAMIC_NO_PIC = NO;
				GCC_NO_COMMON_BLOCKS = YES;
				GCC_OPTIMIZATION_LEVEL = 0;
				GCC_PREPROCESSOR_DEFINITIONS = (
					"DEBUG=1",
					"$(inherited)",
				);
				GCC_WARN_64_TO_32_BIT_CONVERSION = YES;
				GCC_WARN_ABOUT_RETURN_TYPE = YES_ERROR;
				GCC_WARN_UNDECLARED_SELECTOR = YES;
				GCC_WARN_UNINITIALIZED_AUTOS = YES_AGGRESSIVE;
				GCC_WARN_UNUSED_FUNCTION = YES;
				GCC_WARN_UNUSED_VARIABLE = YES;
				IPHONEOS_DEPLOYMENT_TARGET = 17.0;
				LOCALIZATION_PREFERS_STRING_CATALOGS = YES;
				MTL_ENABLE_DEBUG_INFO = INCLUDE_SOURCE;
				MTL_FAST_MATH = YES;
				ONLY_ACTIVE_ARCH = YES;
				SDKROOT = iphoneos;
				SWIFT_ACTIVE_COMPILATION_CONDITIONS = "DEBUG $(inherited)";
				SWIFT_EMIT_LOC_STRINGS = YES;
				SWIFT_OPTIMIZATION_LEVEL = "-Onone";
			};
			name = Debug;
		};
		B0000002 /* Release */ = {
			isa = XCBuildConfiguration;
			buildSettings = {
				ALWAYS_SEARCH_USER_PATHS = NO;
				ASSETCATALOG_COMPILER_GENERATE_SWIFT_ASSET_SYMBOL_EXTENSIONS = YES;
				CLANG_ANALYZER_NONNULL = YES;
				CLANG_ANALYZER_NUMBER_OBJECT_CONVERSION = YES_AGGRESSIVE;
				CLANG_CXX_LANGUAGE_STANDARD = "gnu++20";
				CLANG_ENABLE_MODULES = YES;
				CLANG_ENABLE_OBJC_ARC = YES;
				CLANG_ENABLE_OBJC_WEAK = YES;
				CLANG_WARN_BLOCK_CAPTURE_AUTORELEASING = YES;
				CLANG_WARN_BOOL_CONVERSION = YES;
				CLANG_WARN_COMMA = YES;
				CLANG_WARN_CONSTANT_CONVERSION = YES;
				CLANG_WARN_DEPRECATED_OBJC_IMPLEMENTATIONS = YES;
				CLANG_WARN_DIRECT_OBJC_ISA_USAGE = YES_ERROR;
				CLANG_WARN_DOCUMENTATION_COMMENTS = YES;
				CLANG_WARN_EMPTY_BODY = YES;
				CLANG_WARN_ENUM_CONVERSION = YES;
				CLANG_WARN_INFINITE_RECURSION = YES;
				CLANG_WARN_INT_CONVERSION = YES;
				CLANG_WARN_NON_LITERAL_NULL_CONVERSION = YES;
				CLANG_WARN_OBJC_IMPLICIT_RETAIN_SELF = YES;
				CLANG_WARN_OBJC_LITERAL_CONVERSION = YES;
				CLANG_WARN_OBJC_ROOT_CLASS = YES_ERROR;
				CLANG_WARN_QUOTED_INCLUDE_IN_FRAMEWORK_HEADER = YES;
				CLANG_WARN_RANGE_LOOP_ANALYSIS = YES;
				CLANG_WARN_STRICT_PROTOTYPES = YES;
				CLANG_WARN_SUSPICIOUS_MOVE = YES;
				CLANG_WARN_UNGUARDED_AVAILABILITY = YES_AGGRESSIVE;
				CLANG_WARN_UNREACHABLE_CODE = YES;
				CLANG_WARN__DUPLICATE_METHOD_MATCH = YES;
				COPY_PHASE_STRIP = NO;
				DEBUG_INFORMATION_FORMAT = "dwarf-with-dsym";
				ENABLE_NS_ASSERTIONS = NO;
				ENABLE_STRICT_OBJC_MSGSEND = YES;
				ENABLE_USER_SCRIPT_SANDBOXING = YES;
				GCC_C_LANGUAGE_STANDARD = gnu17;
				GCC_NO_COMMON_BLOCKS = YES;
				GCC_WARN_64_TO_32_BIT_CONVERSION = YES;
				GCC_WARN_ABOUT_RETURN_TYPE = YES_ERROR;
				GCC_WARN_UNDECLARED_SELECTOR = YES;
				GCC_WARN_UNINITIALIZED_AUTOS = YES_AGGRESSIVE;
				GCC_WARN_UNUSED_FUNCTION = YES;
				GCC_WARN_UNUSED_VARIABLE = YES;
				IPHONEOS_DEPLOYMENT_TARGET = 17.0;
				LOCALIZATION_PREFERS_STRING_CATALOGS = YES;
				MTL_ENABLE_DEBUG_INFO = NO;
				MTL_FAST_MATH = YES;
				SDKROOT = iphoneos;
				SWIFT_COMPILATION_MODE = wholemodule;
				SWIFT_EMIT_LOC_STRINGS = YES;
				VALIDATE_PRODUCT = YES;
			};
			name = Release;
		};
		B0000003 /* Debug */ = {
			isa = XCBuildConfiguration;
			buildSettings = {
				ASSETCATALOG_COMPILER_APPICON_NAME = AppIcon;
				ASSETCATALOG_COMPILER_GLOBAL_ACCENT_COLOR_NAME = AccentColor;
				CODE_SIGN_STYLE = Automatic;
				CURRENT_PROJECT_VERSION = 1;
				DEVELOPMENT_ASSET_PATHS = "\"MistReveal/Preview Content\"";
				DEVELOPMENT_TEAM = A7V8BXR288;
				ENABLE_PREVIEWS = YES;
				GENERATE_INFOPLIST_FILE = YES;
				INFOPLIST_FILE = MistReveal/Info.plist;
				INFOPLIST_KEY_NSLocationWhenInUseUsageDescription = "我们需要您的位置来发现附近与您灵魂共振的人";
				INFOPLIST_KEY_NSMicrophoneUsageDescription = "用于吹气互动功能，拨开迷雾揭示画像";
				INFOPLIST_KEY_NSPhotoLibraryAddUsageDescription = "保存灵魂伴侣画像到您的相册";
				INFOPLIST_KEY_UIApplicationSceneManifest_Generation = YES;
				INFOPLIST_KEY_UIApplicationSupportsIndirectInputEvents = YES;
				INFOPLIST_KEY_UISupportedInterfaceOrientations_iPad = "UIInterfaceOrientationPortrait UIInterfaceOrientationPortraitUpsideDown UIInterfaceOrientationLandscapeLeft UIInterfaceOrientationLandscapeRight";
				INFOPLIST_KEY_UISupportedInterfaceOrientations_iPhone = "UIInterfaceOrientationPortrait UIInterfaceOrientationLandscapeLeft UIInterfaceOrientationLandscapeRight";
				LD_RUNPATH_SEARCH_PATHS = (
					"$(inherited)",
					"@executable_path/Frameworks",
				);
				MARKETING_VERSION = 1.0;
				PRODUCT_BUNDLE_IDENTIFIER = com.chunlizhou.MistReveal;
				PRODUCT_NAME = "$(TARGET_NAME)";
				SWIFT_EMIT_LOC_STRINGS = YES;
				SWIFT_ENABLE_EXPLICIT_MODULES = NO;
				SWIFT_VERSION = 5.0;
				TARGETED_DEVICE_FAMILY = "1,2";
			};
			name = Debug;
		};
		B0000004 /* Release */ = {
			isa = XCBuildConfiguration;
			buildSettings = {
				ASSETCATALOG_COMPILER_APPICON_NAME = AppIcon;
				ASSETCATALOG_COMPILER_GLOBAL_ACCENT_COLOR_NAME = AccentColor;
				CODE_SIGN_STYLE = Automatic;
				CURRENT_PROJECT_VERSION = 1;
				DEVELOPMENT_ASSET_PATHS = "\"MistReveal/Preview Content\"";
				DEVELOPMENT_TEAM = A7V8BXR288;
				ENABLE_PREVIEWS = YES;
				GENERATE_INFOPLIST_FILE = YES;
				INFOPLIST_FILE = MistReveal/Info.plist;
				INFOPLIST_KEY_NSLocationWhenInUseUsageDescription = "我们需要您的位置来发现附近与您灵魂共振的人";
				INFOPLIST_KEY_NSMicrophoneUsageDescription = "用于吹气互动功能，拨开迷雾揭示画像";
				INFOPLIST_KEY_NSPhotoLibraryAddUsageDescription = "保存灵魂伴侣画像到您的相册";
				INFOPLIST_KEY_UIApplicationSceneManifest_Generation = YES;
				INFOPLIST_KEY_UIApplicationSupportsIndirectInputEvents = YES;
				INFOPLIST_KEY_UISupportedInterfaceOrientations_iPad = "UIInterfaceOrientationPortrait UIInterfaceOrientationPortraitUpsideDown UIInterfaceOrientationLandscapeLeft UIInterfaceOrientationLandscapeRight";
				INFOPLIST_KEY_UISupportedInterfaceOrientations_iPhone = "UIInterfaceOrientationPortrait UIInterfaceOrientationLandscapeLeft UIInterfaceOrientationLandscapeRight";
				LD_RUNPATH_SEARCH_PATHS = (
					"$(inherited)",
					"@executable_path/Frameworks",
				);
				MARKETING_VERSION = 1.0;
				PRODUCT_BUNDLE_IDENTIFIER = com.chunlizhou.MistReveal;
				PRODUCT_NAME = "$(TARGET_NAME)";
				SWIFT_EMIT_LOC_STRINGS = YES;
				SWIFT_ENABLE_EXPLICIT_MODULES = NO;
				SWIFT_VERSION = 5.0;
				TARGETED_DEVICE_FAMILY = "1,2";
			};
			name = Release;
		};
/* End XCBuildConfiguration section */

/* Begin XCConfigurationList section */
		AF000002 /* Build configuration list for PBXProject "MistReveal" */ = {
			isa = XCConfigurationList;
			buildConfigurations = (
				B0000001 /* Debug */,
				B0000002 /* Release */,
			);
			defaultConfigurationIsVisible = 0;
			defaultConfigurationName = Release;
		};
		AF000003 /* Build configuration list for PBXNativeTarget "MistReveal" */ = {
			isa = XCConfigurationList;
			buildConfigurations = (
				B0000003 /* Debug */,
				B0000004 /* Release */,
			);
			defaultConfigurationIsVisible = 0;
			defaultConfigurationName = Release;
		};
/* End XCConfigurationList section */

/* Begin XCRemoteSwiftPackageReference section */
		2239BF4E2F07C4C300B8997C /* XCRemoteSwiftPackageReference "supabase-swift" */ = {
			isa = XCRemoteSwiftPackageReference;
			repositoryURL = "https://github.com/supabase/supabase-swift";
			requirement = {
				kind = upToNextMajorVersion;
				minimumVersion = 2.5.1;
			};
		};
		2239BF832F08A0AA00B8997C /* XCRemoteSwiftPackageReference "GoogleSignIn-iOS" */ = {
			isa = XCRemoteSwiftPackageReference;
			repositoryURL = "https://github.com/google/GoogleSignIn-iOS";
			requirement = {
				kind = upToNextMajorVersion;
				minimumVersion = 9.0.0;
			};
		};
		22E3E4672F31E2D500F4107D /* XCRemoteSwiftPackageReference "lunar-swift" */ = {
			isa = XCRemoteSwiftPackageReference;
			repositoryURL = "https://github.com/6tail/lunar-swift";
			requirement = {
				kind = upToNextMajorVersion;
				minimumVersion = 1.1.8;
			};
		};
/* End XCRemoteSwiftPackageReference section */

/* Begin XCSwiftPackageProductDependency section */
		2239BF4F2F07C4C300B8997C /* Supabase */ = {
			isa = XCSwiftPackageProductDependency;
			package = 2239BF4E2F07C4C300B8997C /* XCRemoteSwiftPackageReference "supabase-swift" */;
			productName = Supabase;
		};
		2239BF842F08A0AA00B8997C /* GoogleSignIn */ = {
			isa = XCSwiftPackageProductDependency;
			package = 2239BF832F08A0AA00B8997C /* XCRemoteSwiftPackageReference "GoogleSignIn-iOS" */;
			productName = GoogleSignIn;
		};
		2239BF862F08A0AA00B8997C /* GoogleSignInSwift */ = {
			isa = XCSwiftPackageProductDependency;
			package = 2239BF832F08A0AA00B8997C /* XCRemoteSwiftPackageReference "GoogleSignIn-iOS" */;
			productName = GoogleSignInSwift;
		};
		22E3E4682F31E2D500F4107D /* LunarSwift */ = {
			isa = XCSwiftPackageProductDependency;
			package = 22E3E4672F31E2D500F4107D /* XCRemoteSwiftPackageReference "lunar-swift" */;
			productName = LunarSwift;
		};
/* End XCSwiftPackageProductDependency section */
	};
	rootObject = AF000001 /* Project object */;
}
